
Microsoft Visual Studio Solution File, Format Version 12.00
# Visual Studio 15
VisualStudioVersion = 15.0.28307.438
MinimumVisualStudioVersion = 10.0.40219.1
Project("{FAE04EC0-301F-11D3-BF4B-00C04F79EFBC}") = "Tamagotchi", "Tamagotchi\Tamagotchi.csproj", "{23E22F81-81D2-4CE2-B0D2-19CE7583E0DC}"
EndProject
Project("{FAE04EC0-301F-11D3-BF4B-00C04F79EFBC}") = "TamagotchiObjectUnitTest", "TamagotchiObjectUnitTest\TamagotchiObjectUnitTest.csproj", "{67F74E8D-2A65-4939-8C85-3EBC671C1330}"
EndProject
Global
	GlobalSection(SolutionConfigurationPlatforms) = preSolution
		Debug|Any CPU = Debug|Any CPU
		Release|Any CPU = Release|Any CPU
	EndGlobalSection
	GlobalSection(ProjectConfigurationPlatforms) = postSolution
		{23E22F81-81D2-4CE2-B0D2-19CE7583E0DC}.Debug|Any CPU.ActiveCfg = Debug|Any CPU
		{23E22F81-81D2-4CE2-B0D2-19CE7583E0DC}.Debug|Any CPU.Build.0 = Debug|Any CPU
		{23E22F81-81D2-4CE2-B0D2-19CE7583E0DC}.Release|Any CPU.ActiveCfg = Release|Any CPU
		{23E22F81-81D2-4CE2-B0D2-19CE7583E0DC}.Release|Any CPU.Build.0 = Release|Any CPU
		{67F74E8D-2A65-4939-8C85-3EBC671C1330}.Debug|Any CPU.ActiveCfg = Debug|Any CPU
		{67F74E8D-2A65-4939-8C85-3EBC671C1330}.Debug|Any CPU.Build.0 = Debug|Any CPU
		{67F74E8D-2A65-4939-8C85-3EBC671C1330}.Release|Any CPU.ActiveCfg = Release|Any CPU
		{67F74E8D-2A65-4939-8C85-3EBC671C1330}.Release|Any CPU.Build.0 = Release|Any CPU
	EndGlobalSection
	GlobalSection(SolutionProperties) = preSolution
		HideSolutionNode = FALSE
	EndGlobalSection
	GlobalSection(ExtensibilityGlobals) = postSolution
		SolutionGuid = {5AEC84E8-2583-42A0-A794-BE76C85D0FAC}
	EndGlobalSection
EndGlobal
